PODS:
  - AGGeometryKit (1.2.4):
    - AGGeometryKit/CALayerProperties (= 1.2.4)
    - AGGeometryKit/UIViewProperties (= 1.2.4)
  - AGGeometryKit+POP (0.1):
    - AGGeometryKit+POP/Default (= 0.1)
  - AGGeometryKit+POP/Default (0.1):
    - AGGeometryKit (~> 1.0)
    - pop (~> 1.0.4)
  - AGGeometryKit/CALayerProperties (1.2.4)
  - AGGeometryKit/UIViewProperties (1.2.4)
  - AXAttributedLabel (0.2.9)
  - AXPopoverView (0.5.3):
    - AGGeometryKit (~> 1.0)
    - AGGeometryKit+POP
    - AXAttributedLabel
    - pop (~> 1.0.4)
  - Bolts (1.8.4):
    - Bolts/AppLinks (= 1.8.4)
    - Bolts/Tasks (= 1.8.4)
  - Bolts/AppLinks (1.8.4):
    - Bolts/Tasks
  - Bolts/Tasks (1.8.4)
  - FBSDKCoreKit (4.14.0):
    - Bolts (~> 1.7)
  - FBSDKLoginKit (4.14.0):
    - FBSDKCoreKit
  - FBSDKShareKit (4.14.0):
    - FBSDKCoreKit
  - MBProgressHUD (1.0.0)
  - pop (1.0.9)

DEPENDENCIES:
  - AXPopoverView (~> 0.5)
  - FBSDKCoreKit (~> 4.14)
  - FBSDKLoginKit (~> 4.14)
  - FBSDKShareKit (~> 4.14)
  - MBProgressHUD (~> 1.0)

SPEC CHECKSUMS:
  AGGeometryKit: 2c2c39c9f99eb7a966f0aa16b2a97027dacc4761
  AGGeometryKit+POP: 72c980191db0646c31bed0b1ffd571e05f9ad029
  AXAttributedLabel: 038ca8a876b3811a6e3e0471386a3592ccf68537
  AXPopoverView: b0573fa5872a988de50d9dc322c50d1f53341bce
  Bolts: 8a7995239dbe724f9cba2248b766d48b7ebdd322
  FBSDKCoreKit: 6e020b5db0b5bd1e01f5fb0902131befd129a502
  FBSDKLoginKit: da563567a108050ef83739c8c8c001ee9e25fa13
  FBSDKShareKit: e8e5d4ccef69b41132fe33acda26db1e33143e33
  MBProgressHUD: 4890f671c94e8a0f3cf959aa731e9de2f036d71a
  pop: f667631a5108a2e60d9e8797c9b32ddaf2080bce

PODFILE CHECKSUM: 6870e34a70d9dd849c7a4792acff2bbe4d1fa14d

COCOAPODS: 1.0.1
